// !$*UTF8*$!
{
	archiveVersion = 1;
	classes = {
	};
	objectVersion = 46;
	objects = {

/* Begin PBXBuildFile section */
		5A178CCA1B7A544700127013 /* AppDelegate.swift in Sources */ = {isa = PBXBuildFile; fileRef = 5A178CC91B7A544700127013 /* AppDelegate.swift */; };
		5A178CCD1B7A544700127013 /* JWT_Prototype.xcdatamodeld in Sources */ = {isa = PBXBuildFile; fileRef = 5A178CCB1B7A544700127013 /* JWT_Prototype.xcdatamodeld */; };
		5A178CCF1B7A544700127013 /* ViewController.swift in Sources */ = {isa = PBXBuildFile; fileRef = 5A178CCE1B7A544700127013 /* ViewController.swift */; };
		5A178CD21B7A544700127013 /* Main.storyboard in Resources */ = {isa = PBXBuildFile; fileRef = 5A178CD01B7A544700127013 /* Main.storyboard */; };
		5A178CD41B7A544700127013 /* Images.xcassets in Resources */ = {isa = PBXBuildFile; fileRef = 5A178CD31B7A544700127013 /* Images.xcassets */; };
		5A178CD71B7A544700127013 /* LaunchScreen.xib in Resources */ = {isa = PBXBuildFile; fileRef = 5A178CD51B7A544700127013 /* LaunchScreen.xib */; };
		5A178CE31B7A544700127013 /* JWT_PrototypeTests.swift in Sources */ = {isa = PBXBuildFile; fileRef = 5A178CE21B7A544700127013 /* JWT_PrototypeTests.swift */; };
		5A178CED1B7A548600127013 /* 1.jpg in Resources */ = {isa = PBXBuildFile; fileRef = 5A178CEC1B7A548600127013 /* 1.jpg */; };
		5AE7CFAE1B867988004D36E0 /* ios in Resources */ = {isa = PBXBuildFile; fileRef = 5AE7CFAD1B867988004D36E0 /* ios */; };
/* End PBXBuildFile section */

/* Begin PBXContainerItemProxy section */
		5A178CDD1B7A544700127013 /* PBXContainerItemProxy */ = {
			isa = PBXContainerItemProxy;
			containerPortal = 5A178CBC1B7A544700127013 /* Project object */;
			proxyType = 1;
			remoteGlobalIDString = 5A178CC31B7A544700127013;
			remoteInfo = "JWT-Prototype";
		};
/* End PBXContainerItemProxy section */

/* Begin PBXFileReference section */
		5A178CC41B7A544700127013 /* JWT-Prototype.app */ = {isa = PBXFileReference; explicitFileType = wrapper.application; includeInIndex = 0; path = "JWT-Prototype.app"; sourceTree = BUILT_PRODUCTS_DIR; };
		5A178CC81B7A544700127013 /* Info.plist */ = {isa = PBXFileReference; lastKnownFileType = text.plist.xml; path = Info.plist; sourceTree = "<group>"; };
		5A178CC91B7A544700127013 /* AppDelegate.swift */ = {isa = PBXFileReference; lastKnownFileType = sourcecode.swift; path = AppDelegate.swift; sourceTree = "<group>"; };
		5A178CCC1B7A544700127013 /* JWT_Prototype.xcdatamodel */ = {isa = PBXFileReference; lastKnownFileType = wrapper.xcdatamodel; path = JWT_Prototype.xcdatamodel; sourceTree = "<group>"; };
		5A178CCE1B7A544700127013 /* ViewController.swift */ = {isa = PBXFileReference; lastKnownFileType = sourcecode.swift; path = ViewController.swift; sourceTree = "<group>"; };
		5A178CD11B7A544700127013 /* Base */ = {isa = PBXFileReference; lastKnownFileType = file.storyboard; name = Base; path = Base.lproj/Main.storyboard; sourceTree = "<group>"; };
		5A178CD31B7A544700127013 /* Images.xcassets */ = {isa = PBXFileReference; lastKnownFileType = folder.assetcatalog; path = Images.xcassets; sourceTree = "<group>"; };
		5A178CD61B7A544700127013 /* Base */ = {isa = PBXFileReference; lastKnownFileType = file.xib; name = Base; path = Base.lproj/LaunchScreen.xib; sourceTree = "<group>"; };
		5A178CDC1B7A544700127013 /* JWT-PrototypeTests.xctest */ = {isa = PBXFileReference; explicitFileType = wrapper.cfbundle; includeInIndex = 0; path = "JWT-PrototypeTests.xctest"; sourceTree = BUILT_PRODUCTS_DIR; };
		5A178CE11B7A544700127013 /* Info.plist */ = {isa = PBXFileReference; lastKnownFileType = text.plist.xml; path = Info.plist; sourceTree = "<group>"; };
		5A178CE21B7A544700127013 /* JWT_PrototypeTests.swift */ = {isa = PBXFileReference; lastKnownFileType = sourcecode.swift; path = JWT_PrototypeTests.swift; sourceTree = "<group>"; };
		5A178CEC1B7A548600127013 /* 1.jpg */ = {isa = PBXFileReference; lastKnownFileType = image.jpeg; path = 1.jpg; sourceTree = "<group>"; };
		5AE7CFA71B8647A8004D36E0 /* JWT-Prototype.entitlements */ = {isa = PBXFileReference; lastKnownFileType = text.xml; path = "JWT-Prototype.entitlements"; sourceTree = "<group>"; };
		5AE7CFAD1B867988004D36E0 /* ios */ = {isa = PBXFileReference; lastKnownFileType = folder; path = ios; sourceTree = "<group>"; };
/* End PBXFileReference section */

/* Begin PBXFrameworksBuildPhase section */
		5A178CC11B7A544700127013 /* Frameworks */ = {
			isa = PBXFrameworksBuildPhase;
			buildActionMask = 2147483647;
			files = (
			);
			runOnlyForDeploymentPostprocessing = 0;
		};
		5A178CD91B7A544700127013 /* Frameworks */ = {
			isa = PBXFrameworksBuildPhase;
			buildActionMask = 2147483647;
			files = (
			);
			runOnlyForDeploymentPostprocessing = 0;
		};
/* End PBXFrameworksBuildPhase section */

/* Begin PBXGroup section */
		5A178CBB1B7A544700127013 = {
			isa = PBXGroup;
			children = (
				5A178CC61B7A544700127013 /* JWT-Prototype */,
				5A178CDF1B7A544700127013 /* JWT-PrototypeTests */,
				5A178CC51B7A544700127013 /* Products */,
			);
			sourceTree = "<group>";
		};
		5A178CC51B7A544700127013 /* Products */ = {
			isa = PBXGroup;
			children = (
				5A178CC41B7A544700127013 /* JWT-Prototype.app */,
				5A178CDC1B7A544700127013 /* JWT-PrototypeTests.xctest */,
			);
			name = Products;
			sourceTree = "<group>";
		};
		5A178CC61B7A544700127013 /* JWT-Prototype */ = {
			isa = PBXGroup;
			children = (
				5AE7CFA71B8647A8004D36E0 /* JWT-Prototype.entitlements */,
				5A178CC91B7A544700127013 /* AppDelegate.swift */,
				5A178CCE1B7A544700127013 /* ViewController.swift */,
				5A178CD01B7A544700127013 /* Main.storyboard */,
				5A178CD31B7A544700127013 /* Images.xcassets */,
				5A178CD51B7A544700127013 /* LaunchScreen.xib */,
				5A178CEC1B7A548600127013 /* 1.jpg */,
				5A178CCB1B7A544700127013 /* JWT_Prototype.xcdatamodeld */,
				5AE7CFAD1B867988004D36E0 /* ios */,
				5A178CC71B7A544700127013 /* Supporting Files */,
			);
			path = "JWT-Prototype";
			sourceTree = "<group>";
		};
		5A178CC71B7A544700127013 /* Supporting Files */ = {
			isa = PBXGroup;
			children = (
				5A178CC81B7A544700127013 /* Info.plist */,
			);
			name = "Supporting Files";
			sourceTree = "<group>";
		};
		5A178CDF1B7A544700127013 /* JWT-PrototypeTests */ = {
			isa = PBXGroup;
			children = (
				5A178CE21B7A544700127013 /* JWT_PrototypeTests.swift */,
				5A178CE01B7A544700127013 /* Supporting Files */,
			);
			path = "JWT-PrototypeTests";
			sourceTree = "<group>";
		};
		5A178CE01B7A544700127013 /* Supporting Files */ = {
			isa = PBXGroup;
			children = (
				5A178CE11B7A544700127013 /* Info.plist */,
			);
			name = "Supporting Files";
			sourceTree = "<group>";
		};
/* End PBXGroup section */

/* Begin PBXNativeTarget section */
		5A178CC31B7A544700127013 /* JWT-Prototype */ = {
			isa = PBXNativeTarget;
			buildConfigurationList = 5A178CE61B7A544700127013 /* Build configuration list for PBXNativeTarget "JWT-Prototype" */;
			buildPhases = (
				5A178CC01B7A544700127013 /* Sources */,
				5A178CC11B7A544700127013 /* Frameworks */,
				5A178CC21B7A544700127013 /* Resources */,
			);
			buildRules = (
			);
			dependencies = (
			);
			name = "JWT-Prototype";
			productName = "JWT-Prototype";
			productReference = 5A178CC41B7A544700127013 /* JWT-Prototype.app */;
			productType = "com.apple.product-type.application";
		};
		5A178CDB1B7A544700127013 /* JWT-PrototypeTests */ = {
			isa = PBXNativeTarget;
			buildConfigurationList = 5A178CE91B7A544700127013 /* Build configuration list for PBXNativeTarget "JWT-PrototypeTests" */;
			buildPhases = (
				5A178CD81B7A544700127013 /* Sources */,
				5A178CD91B7A544700127013 /* Frameworks */,
				5A178CDA1B7A544700127013 /* Resources */,
			);
			buildRules = (
			);
			dependencies = (
				5A178CDE1B7A544700127013 /* PBXTargetDependency */,
			);
			name = "JWT-PrototypeTests";
			productName = "JWT-PrototypeTests";
			productReference = 5A178CDC1B7A544700127013 /* JWT-PrototypeTests.xctest */;
			productType = "com.apple.product-type.bundle.unit-test";
		};
/* End PBXNativeTarget section */

/* Begin PBXProject section */
		5A178CBC1B7A544700127013 /* Project object */ = {
			isa = PBXProject;
			attributes = {
				LastUpgradeCheck = 0640;
				ORGANIZATIONNAME = "Angelina Choi";
				TargetAttributes = {
					5A178CC31B7A544700127013 = {
						CreatedOnToolsVersion = 6.4;
						DevelopmentTeam = 8C3NVD5H3C;
						SystemCapabilities = {
							com.apple.Keychain = {
								enabled = 1;
							};
						};
					};
					5A178CDB1B7A544700127013 = {
						CreatedOnToolsVersion = 6.4;
						TestTargetID = 5A178CC31B7A544700127013;
					};
				};
			};
			buildConfigurationList = 5A178CBF1B7A544700127013 /* Build configuration list for PBXProject "JWT-Prototype" */;
			compatibilityVersion = "Xcode 3.2";
			developmentRegion = English;
			hasScannedForEncodings = 0;
			knownRegions = (
				en,
				Base,
			);
			mainGroup = 5A178CBB1B7A544700127013;
			productRefGroup = 5A178CC51B7A544700127013 /* Products */;
			projectDirPath = "";
			projectRoot = "";
			targets = (
				5A178CC31B7A544700127013 /* JWT-Prototype */,
				5A178CDB1B7A544700127013 /* JWT-PrototypeTests */,
			);
		};
/* End PBXProject section */

/* Begin PBXResourcesBuildPhase section */
		5A178CC21B7A544700127013 /* Resources */ = {
			isa = PBXResourcesBuildPhase;
			buildActionMask = 2147483647;
			files = (
				5A178CD21B7A544700127013 /* Main.storyboard in Resources */,
				5A178CED1B7A548600127013 /* 1.jpg in Resources */,
				5A178CD71B7A544700127013 /* LaunchScreen.xib in Resources */,
				5A178CD41B7A544700127013 /* Images.xcassets in Resources */,
				5AE7CFAE1B867988004D36E0 /* ios in Resources */,
			);
			runOnlyForDeploymentPostprocessing = 0;
		};
		5A178CDA1B7A544700127013 /* Resources */ = {
			isa = PBXResourcesBuildPhase;
			buildActionMask = 2147483647;
			files = (
			);
			runOnlyForDeploymentPostprocessing = 0;
		};
/* End PBXResourcesBuildPhase section */

/* Begin PBXSourcesBuildPhase section */
		5A178CC01B7A544700127013 /* Sources */ = {
			isa = PBXSourcesBuildPhase;
			buildActionMask = 2147483647;
			files = (
				5A178CCF1B7A544700127013 /* ViewController.swift in Sources */,
				5A178CCD1B7A544700127013 /* JWT_Prototype.xcdatamodeld in Sources */,
				5A178CCA1B7A544700127013 /* AppDelegate.swift in Sources */,
			);
			runOnlyForDeploymentPostprocessing = 0;
		};
		5A178CD81B7A544700127013 /* Sources */ = {
			isa = PBXSourcesBuildPhase;
			buildActionMask = 2147483647;
			files = (
				5A178CE31B7A544700127013 /* JWT_PrototypeTests.swift in Sources */,
			);
			runOnlyForDeploymentPostprocessing = 0;
		};
/* End PBXSourcesBuildPhase section */

/* Begin PBXTargetDependency section */
		5A178CDE1B7A544700127013 /* PBXTargetDependency */ = {
			isa = PBXTargetDependency;
			target = 5A178CC31B7A544700127013 /* JWT-Prototype */;
			targetProxy = 5A178CDD1B7A544700127013 /* PBXContainerItemProxy */;
		};
/* End PBXTargetDependency section */

/* Begin PBXVariantGroup section */
		5A178CD01B7A544700127013 /* Main.storyboard */ = {
			isa = PBXVariantGroup;
			children = (
				5A178CD11B7A544700127013 /* Base */,
			);
			name = Main.storyboard;
			sourceTree = "<group>";
		};
		5A178CD51B7A544700127013 /* LaunchScreen.xib */ = {
			isa = PBXVariantGroup;
			children = (
				5A178CD61B7A544700127013 /* Base */,
			);
			name = LaunchScreen.xib;
			sourceTree = "<group>";
		};
/* End PBXVariantGroup section */

/* Begin XCBuildConfiguration section */
		5A178CE41B7A544700127013 /* Debug */ = {
			isa = XCBuildConfiguration;
			buildSettings = {
				ALWAYS_SEARCH_USER_PATHS = NO;
				CLANG_CXX_LANGUAGE_STANDARD = "gnu++0x";
				CLANG_CXX_LIBRARY = "libc++";
				CLANG_ENABLE_MODULES = YES;
				CLANG_ENABLE_OBJC_ARC = YES;
				CLANG_WARN_BOOL_CONVERSION = YES;
				CLANG_WARN_CONSTANT_CONVERSION = YES;
				CLANG_WARN_DIRECT_OBJC_ISA_USAGE = YES_ERROR;
				CLANG_WARN_EMPTY_BODY = YES;
				CLANG_WARN_ENUM_CONVERSION = YES;
				CLANG_WARN_INT_CONVERSION = YES;
				CLANG_WARN_OBJC_ROOT_CLASS = YES_ERROR;
				CLANG_WARN_UNREACHABLE_CODE = YES;
				CLANG_WARN__DUPLICATE_METHOD_MATCH = YES;
				"CODE_SIGN_IDENTITY[sdk=iphoneos*]" = "iPhone Developer";
				COPY_PHASE_STRIP = NO;
				DEBUG_INFORMATION_FORMAT = "dwarf-with-dsym";
				ENABLE_STRICT_OBJC_MSGSEND = YES;
				GCC_C_LANGUAGE_STANDARD = gnu99;
				GCC_DYNAMIC_NO_PIC = NO;
				GCC_NO_COMMON_BLOCKS = YES;
				GCC_OPTIMIZATION_LEVEL = 0;
				GCC_PREPROCESSOR_DEFINITIONS = (
					"DEBUG=1",
					"$(inherited)",
				);
				GCC_SYMBOLS_PRIVATE_EXTERN = NO;
				GCC_WARN_64_TO_32_BIT_CONVERSION = YES;
				GCC_WARN_ABOUT_RETURN_TYPE = YES_ERROR;
				GCC_WARN_UNDECLARED_SELECTOR = YES;
				GCC_WARN_UNINITIALIZED_AUTOS = YES_AGGRESSIVE;
				GCC_WARN_UNUSED_FUNCTION = YES;
				GCC_WARN_UNUSED_VARIABLE = YES;
				IPHONEOS_DEPLOYMENT_TARGET = 8.4;
				MTL_ENABLE_DEBUG_INFO = YES;
				ONLY_ACTIVE_ARCH = YES;
				SDKROOT = iphoneos;
				SWIFT_OPTIMIZATION_LEVEL = "-Onone";
				TARGETED_DEVICE_FAMILY = "1,2";
			};
			name = Debug;
		};
		5A178CE51B7A544700127013 /* Release */ = {
			isa = XCBuildConfiguration;
			buildSettings = {
				ALWAYS_SEARCH_USER_PATHS = NO;
				CLANG_CXX_LANGUAGE_STANDARD = "gnu++0x";
				CLANG_CXX_LIBRARY = "libc++";
				CLANG_ENABLE_MODULES = YES;
				CLANG_ENABLE_OBJC_ARC = YES;
				CLANG_WARN_BOOL_CONVERSION = YES;
				CLANG_WARN_CONSTANT_CONVERSION = YES;
				CLANG_WARN_DIRECT_OBJC_ISA_USAGE = YES_ERROR;
				CLANG_WARN_EMPTY_BODY = YES;
				CLANG_WARN_ENUM_CONVERSION = YES;
				CLANG_WARN_INT_CONVERSION = YES;
				CLANG_WARN_OBJC_ROOT_CLASS = YES_ERROR;
				CLANG_WARN_UNREACHABLE_CODE = YES;
				CLANG_WARN__DUPLICATE_METHOD_MATCH = YES;
				"CODE_SIGN_IDENTITY[sdk=iphoneos*]" = "iPhone Developer";
				COPY_PHASE_STRIP = NO;
				DEBUG_INFORMATION_FORMAT = "dwarf-with-dsym";
				ENABLE_NS_ASSERTIONS = NO;
				ENABLE_STRICT_OBJC_MSGSEND = YES;
				GCC_C_LANGUAGE_STANDARD = gnu99;
				GCC_NO_COMMON_BLOCKS = YES;
				GCC_WARN_64_TO_32_BIT_CONVERSION = YES;
				GCC_WARN_ABOUT_RETURN_TYPE = YES_ERROR;
				GCC_WARN_UNDECLARED_SELECTOR = YES;
				GCC_WARN_UNINITIALIZED_AUTOS = YES_AGGRESSIVE;
				GCC_WARN_UNUSED_FUNCTION = YES;
				GCC_WARN_UNUSED_VARIABLE = YES;
				IPHONEOS_DEPLOYMENT_TARGET = 8.4;
				MTL_ENABLE_DEBUG_INFO = NO;
				SDKROOT = iphoneos;
				TARGETED_DEVICE_FAMILY = "1,2";
				VALIDATE_PRODUCT = YES;
			};
			name = Release;
		};
		5A178CE71B7A544700127013 /* Debug */ = {
			isa = XCBuildConfiguration;
			buildSettings = {
				ASSETCATALOG_COMPILER_APPICON_NAME = AppIcon;
				CODE_SIGN_ENTITLEMENTS = "JWT-Prototype/JWT-Prototype.entitlements";
				CODE_SIGN_IDENTITY = "iPhone Developer";
				"CODE_SIGN_IDENTITY[sdk=iphoneos*]" = "iPhone Developer";
				INFOPLIST_FILE = "JWT-Prototype/Info.plist";
				LD_RUNPATH_SEARCH_PATHS = "$(inherited) @executable_path/Frameworks";
				PRODUCT_NAME = "$(TARGET_NAME)";
				PROVISIONING_PROFILE = "";
			};
			name = Debug;
		};
		5A178CE81B7A544700127013 /* Release */ = {
			isa = XCBuildConfiguration;
			buildSettings = {
				ASSETCATALOG_COMPILER_APPICON_NAME = AppIcon;
				CODE_SIGN_ENTITLEMENTS = "JWT-Prototype/JWT-Prototype.entitlements";
				CODE_SIGN_IDENTITY = "iPhone Developer";
				"CODE_SIGN_IDENTITY[sdk=iphoneos*]" = "iPhone Developer";
				INFOPLIST_FILE = "JWT-Prototype/Info.plist";
				LD_RUNPATH_SEARCH_PATHS = "$(inherited) @executable_path/Frameworks";
				PRODUCT_NAME = "$(TARGET_NAME)";
				PROVISIONING_PROFILE = "";
			};
			name = Release;
		};
		5A178CEA1B7A544700127013 /* Debug */ = {
			isa = XCBuildConfiguration;
			buildSettings = {
				BUNDLE_LOADER = "$(TEST_HOST)";
				FRAMEWORK_SEARCH_PATHS = (
					"$(SDKROOT)/Developer/Library/Frameworks",
					"$(inherited)",
				);
				GCC_PREPROCESSOR_DEFINITIONS = (
					"DEBUG=1",
					"$(inherited)",
				);
				INFOPLIST_FILE = "JWT-PrototypeTests/Info.plist";
				LD_RUNPATH_SEARCH_PATHS = "$(inherited) @executable_path/Frameworks @loader_path/Frameworks";
				PRODUCT_NAME = "$(TARGET_NAME)";
				TEST_HOST = "$(BUILT_PRODUCTS_DIR)/JWT-Prototype.app/JWT-Prototype";
			};
			name = Debug;
		};
		5A178CEB1B7A544700127013 /* Release */ = {
			isa = XCBuildConfiguration;
			buildSettings = {
				BUNDLE_LOADER = "$(TEST_HOST)";
				FRAMEWORK_SEARCH_PATHS = (
					"$(SDKROOT)/Developer/Library/Frameworks",
					"$(inherited)",
				);
				INFOPLIST_FILE = "JWT-PrototypeTests/Info.plist";
				LD_RUNPATH_SEARCH_PATHS = "$(inherited) @executable_path/Frameworks @loader_path/Frameworks";
				PRODUCT_NAME = "$(TARGET_NAME)";
				TEST_HOST = "$(BUILT_PRODUCTS_DIR)/JWT-Prototype.app/JWT-Prototype";
			};
			name = Release;
		};
/* End XCBuildConfiguration section */

/* Begin XCConfigurationList section */
		5A178CBF1B7A544700127013 /* Build configuration list for PBXProject "JWT-Prototype" */ = {
			isa = XCConfigurationList;
			buildConfigurations = (
				5A178CE41B7A544700127013 /* Debug */,
				5A178CE51B7A544700127013 /* Release */,
			);
			defaultConfigurationIsVisible = 0;
			defaultConfigurationName = Release;
		};
		5A178CE61B7A544700127013 /* Build configuration list for PBXNativeTarget "JWT-Prototype" */ = {
			isa = XCConfigurationList;
			buildConfigurations = (
				5A178CE71B7A544700127013 /* Debug */,
				5A178CE81B7A544700127013 /* Release */,
			);
			defaultConfigurationIsVisible = 0;
			defaultConfigurationName = Release;
		};
		5A178CE91B7A544700127013 /* Build configuration list for PBXNativeTarget "JWT-PrototypeTests" */ = {
			isa = XCConfigurationList;
			buildConfigurations = (
				5A178CEA1B7A544700127013 /* Debug */,
				5A178CEB1B7A544700127013 /* Release */,
			);
			defaultConfigurationIsVisible = 0;
			defaultConfigurationName = Release;
		};
/* End XCConfigurationList section */

/* Begin XCVersionGroup section */
		5A178CCB1B7A544700127013 /* JWT_Prototype.xcdatamodeld */ = {
			isa = XCVersionGroup;
			children = (
				5A178CCC1B7A544700127013 /* JWT_Prototype.xcdatamodel */,
			);
			currentVersion = 5A178CCC1B7A544700127013 /* JWT_Prototype.xcdatamodel */;
			path = JWT_Prototype.xcdatamodeld;
			sourceTree = "<group>";
			versionGroupType = wrapper.xcdatamodel;
		};
/* End XCVersionGroup section */
	};
	rootObject = 5A178CBC1B7A544700127013 /* Project object */;
}
