// !$*UTF8*$!
{
	archiveVersion = 1;
	classes = {
	};
	objectVersion = 46;
	objects = {

/* Begin PBXBuildFile section */
		5A16A60E1B8CEB9400751BFA /* AppDelegate.swift in Sources */ = {isa = PBXBuildFile; fileRef = 5A16A60D1B8CEB9400751BFA /* AppDelegate.swift */; };
		5A16A6111B8CEB9400751BFA /* JWT_Prototype_ApplicationB.xcdatamodeld in Sources */ = {isa = PBXBuildFile; fileRef = 5A16A60F1B8CEB9400751BFA /* JWT_Prototype_ApplicationB.xcdatamodeld */; };
		5A16A6131B8CEB9400751BFA /* ViewController.swift in Sources */ = {isa = PBXBuildFile; fileRef = 5A16A6121B8CEB9400751BFA /* ViewController.swift */; };
		5A16A6161B8CEB9400751BFA /* Main.storyboard in Resources */ = {isa = PBXBuildFile; fileRef = 5A16A6141B8CEB9400751BFA /* Main.storyboard */; };
		5A16A6181B8CEB9400751BFA /* Images.xcassets in Resources */ = {isa = PBXBuildFile; fileRef = 5A16A6171B8CEB9400751BFA /* Images.xcassets */; };
		5A16A61B1B8CEB9400751BFA /* LaunchScreen.xib in Resources */ = {isa = PBXBuildFile; fileRef = 5A16A6191B8CEB9400751BFA /* LaunchScreen.xib */; };
		5A16A6271B8CEB9400751BFA /* JWT_Prototype_ApplicationBTests.swift in Sources */ = {isa = PBXBuildFile; fileRef = 5A16A6261B8CEB9400751BFA /* JWT_Prototype_ApplicationBTests.swift */; };
/* End PBXBuildFile section */

/* Begin PBXContainerItemProxy section */
		5A16A6211B8CEB9400751BFA /* PBXContainerItemProxy */ = {
			isa = PBXContainerItemProxy;
			containerPortal = 5A16A6001B8CEB9400751BFA /* Project object */;
			proxyType = 1;
			remoteGlobalIDString = 5A16A6071B8CEB9400751BFA;
			remoteInfo = JWT_Prototype_ApplicationB;
		};
/* End PBXContainerItemProxy section */

/* Begin PBXFileReference section */
		5A16A6081B8CEB9400751BFA /* JWT_Prototype_ApplicationB.app */ = {isa = PBXFileReference; explicitFileType = wrapper.application; includeInIndex = 0; path = JWT_Prototype_ApplicationB.app; sourceTree = BUILT_PRODUCTS_DIR; };
		5A16A60C1B8CEB9400751BFA /* Info.plist */ = {isa = PBXFileReference; lastKnownFileType = text.plist.xml; path = Info.plist; sourceTree = "<group>"; };
		5A16A60D1B8CEB9400751BFA /* AppDelegate.swift */ = {isa = PBXFileReference; lastKnownFileType = sourcecode.swift; path = AppDelegate.swift; sourceTree = "<group>"; };
		5A16A6101B8CEB9400751BFA /* JWT_Prototype_ApplicationB.xcdatamodel */ = {isa = PBXFileReference; lastKnownFileType = wrapper.xcdatamodel; path = JWT_Prototype_ApplicationB.xcdatamodel; sourceTree = "<group>"; };
		5A16A6121B8CEB9400751BFA /* ViewController.swift */ = {isa = PBXFileReference; lastKnownFileType = sourcecode.swift; path = ViewController.swift; sourceTree = "<group>"; };
		5A16A6151B8CEB9400751BFA /* Base */ = {isa = PBXFileReference; lastKnownFileType = file.storyboard; name = Base; path = Base.lproj/Main.storyboard; sourceTree = "<group>"; };
		5A16A6171B8CEB9400751BFA /* Images.xcassets */ = {isa = PBXFileReference; lastKnownFileType = folder.assetcatalog; path = Images.xcassets; sourceTree = "<group>"; };
		5A16A61A1B8CEB9400751BFA /* Base */ = {isa = PBXFileReference; lastKnownFileType = file.xib; name = Base; path = Base.lproj/LaunchScreen.xib; sourceTree = "<group>"; };
		5A16A6201B8CEB9400751BFA /* JWT_Prototype_ApplicationBTests.xctest */ = {isa = PBXFileReference; explicitFileType = wrapper.cfbundle; includeInIndex = 0; path = JWT_Prototype_ApplicationBTests.xctest; sourceTree = BUILT_PRODUCTS_DIR; };
		5A16A6251B8CEB9400751BFA /* Info.plist */ = {isa = PBXFileReference; lastKnownFileType = text.plist.xml; path = Info.plist; sourceTree = "<group>"; };
		5A16A6261B8CEB9400751BFA /* JWT_Prototype_ApplicationBTests.swift */ = {isa = PBXFileReference; lastKnownFileType = sourcecode.swift; path = JWT_Prototype_ApplicationBTests.swift; sourceTree = "<group>"; };
		5A16A6301B8CECBC00751BFA /* JWT_Prototype_ApplicationB.entitlements */ = {isa = PBXFileReference; lastKnownFileType = text.xml; path = JWT_Prototype_ApplicationB.entitlements; sourceTree = "<group>"; };
/* End PBXFileReference section */

/* Begin PBXFrameworksBuildPhase section */
		5A16A6051B8CEB9400751BFA /* Frameworks */ = {
			isa = PBXFrameworksBuildPhase;
			buildActionMask = 2147483647;
			files = (
			);
			runOnlyForDeploymentPostprocessing = 0;
		};
		5A16A61D1B8CEB9400751BFA /* Frameworks */ = {
			isa = PBXFrameworksBuildPhase;
			buildActionMask = 2147483647;
			files = (
			);
			runOnlyForDeploymentPostprocessing = 0;
		};
/* End PBXFrameworksBuildPhase section */

/* Begin PBXGroup section */
		5A16A5FF1B8CEB9400751BFA = {
			isa = PBXGroup;
			children = (
				5A16A60A1B8CEB9400751BFA /* JWT_Prototype_ApplicationB */,
				5A16A6231B8CEB9400751BFA /* JWT_Prototype_ApplicationBTests */,
				5A16A6091B8CEB9400751BFA /* Products */,
			);
			sourceTree = "<group>";
		};
		5A16A6091B8CEB9400751BFA /* Products */ = {
			isa = PBXGroup;
			children = (
				5A16A6081B8CEB9400751BFA /* JWT_Prototype_ApplicationB.app */,
				5A16A6201B8CEB9400751BFA /* JWT_Prototype_ApplicationBTests.xctest */,
			);
			name = Products;
			sourceTree = "<group>";
		};
		5A16A60A1B8CEB9400751BFA /* JWT_Prototype_ApplicationB */ = {
			isa = PBXGroup;
			children = (
				5A16A6301B8CECBC00751BFA /* JWT_Prototype_ApplicationB.entitlements */,
				5A16A60D1B8CEB9400751BFA /* AppDelegate.swift */,
				5A16A6121B8CEB9400751BFA /* ViewController.swift */,
				5A16A6141B8CEB9400751BFA /* Main.storyboard */,
				5A16A6171B8CEB9400751BFA /* Images.xcassets */,
				5A16A6191B8CEB9400751BFA /* LaunchScreen.xib */,
				5A16A60F1B8CEB9400751BFA /* JWT_Prototype_ApplicationB.xcdatamodeld */,
				5A16A60B1B8CEB9400751BFA /* Supporting Files */,
			);
			path = JWT_Prototype_ApplicationB;
			sourceTree = "<group>";
		};
		5A16A60B1B8CEB9400751BFA /* Supporting Files */ = {
			isa = PBXGroup;
			children = (
				5A16A60C1B8CEB9400751BFA /* Info.plist */,
			);
			name = "Supporting Files";
			sourceTree = "<group>";
		};
		5A16A6231B8CEB9400751BFA /* JWT_Prototype_ApplicationBTests */ = {
			isa = PBXGroup;
			children = (
				5A16A6261B8CEB9400751BFA /* JWT_Prototype_ApplicationBTests.swift */,
				5A16A6241B8CEB9400751BFA /* Supporting Files */,
			);
			path = JWT_Prototype_ApplicationBTests;
			sourceTree = "<group>";
		};
		5A16A6241B8CEB9400751BFA /* Supporting Files */ = {
			isa = PBXGroup;
			children = (
				5A16A6251B8CEB9400751BFA /* Info.plist */,
			);
			name = "Supporting Files";
			sourceTree = "<group>";
		};
/* End PBXGroup section */

/* Begin PBXNativeTarget section */
		5A16A6071B8CEB9400751BFA /* JWT_Prototype_ApplicationB */ = {
			isa = PBXNativeTarget;
			buildConfigurationList = 5A16A62A1B8CEB9400751BFA /* Build configuration list for PBXNativeTarget "JWT_Prototype_ApplicationB" */;
			buildPhases = (
				5A16A6041B8CEB9400751BFA /* Sources */,
				5A16A6051B8CEB9400751BFA /* Frameworks */,
				5A16A6061B8CEB9400751BFA /* Resources */,
			);
			buildRules = (
			);
			dependencies = (
			);
			name = JWT_Prototype_ApplicationB;
			productName = JWT_Prototype_ApplicationB;
			productReference = 5A16A6081B8CEB9400751BFA /* JWT_Prototype_ApplicationB.app */;
			productType = "com.apple.product-type.application";
		};
		5A16A61F1B8CEB9400751BFA /* JWT_Prototype_ApplicationBTests */ = {
			isa = PBXNativeTarget;
			buildConfigurationList = 5A16A62D1B8CEB9400751BFA /* Build configuration list for PBXNativeTarget "JWT_Prototype_ApplicationBTests" */;
			buildPhases = (
				5A16A61C1B8CEB9400751BFA /* Sources */,
				5A16A61D1B8CEB9400751BFA /* Frameworks */,
				5A16A61E1B8CEB9400751BFA /* Resources */,
			);
			buildRules = (
			);
			dependencies = (
				5A16A6221B8CEB9400751BFA /* PBXTargetDependency */,
			);
			name = JWT_Prototype_ApplicationBTests;
			productName = JWT_Prototype_ApplicationBTests;
			productReference = 5A16A6201B8CEB9400751BFA /* JWT_Prototype_ApplicationBTests.xctest */;
			productType = "com.apple.product-type.bundle.unit-test";
		};
/* End PBXNativeTarget section */

/* Begin PBXProject section */
		5A16A6001B8CEB9400751BFA /* Project object */ = {
			isa = PBXProject;
			attributes = {
				LastUpgradeCheck = 0640;
				ORGANIZATIONNAME = "Angelina Choi";
				TargetAttributes = {
					5A16A6071B8CEB9400751BFA = {
						CreatedOnToolsVersion = 6.4;
						DevelopmentTeam = 8C3NVD5H3C;
						SystemCapabilities = {
							com.apple.Keychain = {
								enabled = 1;
							};
						};
					};
					5A16A61F1B8CEB9400751BFA = {
						CreatedOnToolsVersion = 6.4;
						TestTargetID = 5A16A6071B8CEB9400751BFA;
					};
				};
			};
			buildConfigurationList = 5A16A6031B8CEB9400751BFA /* Build configuration list for PBXProject "JWT_Prototype_ApplicationB" */;
			compatibilityVersion = "Xcode 3.2";
			developmentRegion = English;
			hasScannedForEncodings = 0;
			knownRegions = (
				en,
				Base,
			);
			mainGroup = 5A16A5FF1B8CEB9400751BFA;
			productRefGroup = 5A16A6091B8CEB9400751BFA /* Products */;
			projectDirPath = "";
			projectRoot = "";
			targets = (
				5A16A6071B8CEB9400751BFA /* JWT_Prototype_ApplicationB */,
				5A16A61F1B8CEB9400751BFA /* JWT_Prototype_ApplicationBTests */,
			);
		};
/* End PBXProject section */

/* Begin PBXResourcesBuildPhase section */
		5A16A6061B8CEB9400751BFA /* Resources */ = {
			isa = PBXResourcesBuildPhase;
			buildActionMask = 2147483647;
			files = (
				5A16A6161B8CEB9400751BFA /* Main.storyboard in Resources */,
				5A16A61B1B8CEB9400751BFA /* LaunchScreen.xib in Resources */,
				5A16A6181B8CEB9400751BFA /* Images.xcassets in Resources */,
			);
			runOnlyForDeploymentPostprocessing = 0;
		};
		5A16A61E1B8CEB9400751BFA /* Resources */ = {
			isa = PBXResourcesBuildPhase;
			buildActionMask = 2147483647;
			files = (
			);
			runOnlyForDeploymentPostprocessing = 0;
		};
/* End PBXResourcesBuildPhase section */

/* Begin PBXSourcesBuildPhase section */
		5A16A6041B8CEB9400751BFA /* Sources */ = {
			isa = PBXSourcesBuildPhase;
			buildActionMask = 2147483647;
			files = (
				5A16A6131B8CEB9400751BFA /* ViewController.swift in Sources */,
				5A16A6111B8CEB9400751BFA /* JWT_Prototype_ApplicationB.xcdatamodeld in Sources */,
				5A16A60E1B8CEB9400751BFA /* AppDelegate.swift in Sources */,
			);
			runOnlyForDeploymentPostprocessing = 0;
		};
		5A16A61C1B8CEB9400751BFA /* Sources */ = {
			isa = PBXSourcesBuildPhase;
			buildActionMask = 2147483647;
			files = (
				5A16A6271B8CEB9400751BFA /* JWT_Prototype_ApplicationBTests.swift in Sources */,
			);
			runOnlyForDeploymentPostprocessing = 0;
		};
/* End PBXSourcesBuildPhase section */

/* Begin PBXTargetDependency section */
		5A16A6221B8CEB9400751BFA /* PBXTargetDependency */ = {
			isa = PBXTargetDependency;
			target = 5A16A6071B8CEB9400751BFA /* JWT_Prototype_ApplicationB */;
			targetProxy = 5A16A6211B8CEB9400751BFA /* PBXContainerItemProxy */;
		};
/* End PBXTargetDependency section */

/* Begin PBXVariantGroup section */
		5A16A6141B8CEB9400751BFA /* Main.storyboard */ = {
			isa = PBXVariantGroup;
			children = (
				5A16A6151B8CEB9400751BFA /* Base */,
			);
			name = Main.storyboard;
			sourceTree = "<group>";
		};
		5A16A6191B8CEB9400751BFA /* LaunchScreen.xib */ = {
			isa = PBXVariantGroup;
			children = (
				5A16A61A1B8CEB9400751BFA /* Base */,
			);
			name = LaunchScreen.xib;
			sourceTree = "<group>";
		};
/* End PBXVariantGroup section */

/* Begin XCBuildConfiguration section */
		5A16A6281B8CEB9400751BFA /* Debug */ = {
			isa = XCBuildConfiguration;
			buildSettings = {
				ALWAYS_SEARCH_USER_PATHS = NO;
				CLANG_CXX_LANGUAGE_STANDARD = "gnu++0x";
				CLANG_CXX_LIBRARY = "libc++";
				CLANG_ENABLE_MODULES = YES;
				CLANG_ENABLE_OBJC_ARC = YES;
				CLANG_WARN_BOOL_CONVERSION = YES;
				CLANG_WARN_CONSTANT_CONVERSION = YES;
				CLANG_WARN_DIRECT_OBJC_ISA_USAGE = YES_ERROR;
				CLANG_WARN_EMPTY_BODY = YES;
				CLANG_WARN_ENUM_CONVERSION = YES;
				CLANG_WARN_INT_CONVERSION = YES;
				CLANG_WARN_OBJC_ROOT_CLASS = YES_ERROR;
				CLANG_WARN_UNREACHABLE_CODE = YES;
				CLANG_WARN__DUPLICATE_METHOD_MATCH = YES;
				"CODE_SIGN_IDENTITY[sdk=iphoneos*]" = "iPhone Developer";
				COPY_PHASE_STRIP = NO;
				DEBUG_INFORMATION_FORMAT = "dwarf-with-dsym";
				ENABLE_STRICT_OBJC_MSGSEND = YES;
				GCC_C_LANGUAGE_STANDARD = gnu99;
				GCC_DYNAMIC_NO_PIC = NO;
				GCC_NO_COMMON_BLOCKS = YES;
				GCC_OPTIMIZATION_LEVEL = 0;
				GCC_PREPROCESSOR_DEFINITIONS = (
					"DEBUG=1",
					"$(inherited)",
				);
				GCC_SYMBOLS_PRIVATE_EXTERN = NO;
				GCC_WARN_64_TO_32_BIT_CONVERSION = YES;
				GCC_WARN_ABOUT_RETURN_TYPE = YES_ERROR;
				GCC_WARN_UNDECLARED_SELECTOR = YES;
				GCC_WARN_UNINITIALIZED_AUTOS = YES_AGGRESSIVE;
				GCC_WARN_UNUSED_FUNCTION = YES;
				GCC_WARN_UNUSED_VARIABLE = YES;
				IPHONEOS_DEPLOYMENT_TARGET = 8.4;
				MTL_ENABLE_DEBUG_INFO = YES;
				ONLY_ACTIVE_ARCH = YES;
				SDKROOT = iphoneos;
				SWIFT_OPTIMIZATION_LEVEL = "-Onone";
				TARGETED_DEVICE_FAMILY = "1,2";
			};
			name = Debug;
		};
		5A16A6291B8CEB9400751BFA /* Release */ = {
			isa = XCBuildConfiguration;
			buildSettings = {
				ALWAYS_SEARCH_USER_PATHS = NO;
				CLANG_CXX_LANGUAGE_STANDARD = "gnu++0x";
				CLANG_CXX_LIBRARY = "libc++";
				CLANG_ENABLE_MODULES = YES;
				CLANG_ENABLE_OBJC_ARC = YES;
				CLANG_WARN_BOOL_CONVERSION = YES;
				CLANG_WARN_CONSTANT_CONVERSION = YES;
				CLANG_WARN_DIRECT_OBJC_ISA_USAGE = YES_ERROR;
				CLANG_WARN_EMPTY_BODY = YES;
				CLANG_WARN_ENUM_CONVERSION = YES;
				CLANG_WARN_INT_CONVERSION = YES;
				CLANG_WARN_OBJC_ROOT_CLASS = YES_ERROR;
				CLANG_WARN_UNREACHABLE_CODE = YES;
				CLANG_WARN__DUPLICATE_METHOD_MATCH = YES;
				"CODE_SIGN_IDENTITY[sdk=iphoneos*]" = "iPhone Developer";
				COPY_PHASE_STRIP = NO;
				DEBUG_INFORMATION_FORMAT = "dwarf-with-dsym";
				ENABLE_NS_ASSERTIONS = NO;
				ENABLE_STRICT_OBJC_MSGSEND = YES;
				GCC_C_LANGUAGE_STANDARD = gnu99;
				GCC_NO_COMMON_BLOCKS = YES;
				GCC_WARN_64_TO_32_BIT_CONVERSION = YES;
				GCC_WARN_ABOUT_RETURN_TYPE = YES_ERROR;
				GCC_WARN_UNDECLARED_SELECTOR = YES;
				GCC_WARN_UNINITIALIZED_AUTOS = YES_AGGRESSIVE;
				GCC_WARN_UNUSED_FUNCTION = YES;
				GCC_WARN_UNUSED_VARIABLE = YES;
				IPHONEOS_DEPLOYMENT_TARGET = 8.4;
				MTL_ENABLE_DEBUG_INFO = NO;
				SDKROOT = iphoneos;
				TARGETED_DEVICE_FAMILY = "1,2";
				VALIDATE_PRODUCT = YES;
			};
			name = Release;
		};
		5A16A62B1B8CEB9400751BFA /* Debug */ = {
			isa = XCBuildConfiguration;
			buildSettings = {
				ASSETCATALOG_COMPILER_APPICON_NAME = AppIcon;
				CODE_SIGN_ENTITLEMENTS = JWT_Prototype_ApplicationB/JWT_Prototype_ApplicationB.entitlements;
				CODE_SIGN_IDENTITY = "iPhone Developer";
				"CODE_SIGN_IDENTITY[sdk=iphoneos*]" = "iPhone Developer";
				INFOPLIST_FILE = JWT_Prototype_ApplicationB/Info.plist;
				LD_RUNPATH_SEARCH_PATHS = "$(inherited) @executable_path/Frameworks";
				PRODUCT_NAME = "$(TARGET_NAME)";
				PROVISIONING_PROFILE = "";
			};
			name = Debug;
		};
		5A16A62C1B8CEB9400751BFA /* Release */ = {
			isa = XCBuildConfiguration;
			buildSettings = {
				ASSETCATALOG_COMPILER_APPICON_NAME = AppIcon;
				CODE_SIGN_ENTITLEMENTS = JWT_Prototype_ApplicationB/JWT_Prototype_ApplicationB.entitlements;
				CODE_SIGN_IDENTITY = "iPhone Developer";
				"CODE_SIGN_IDENTITY[sdk=iphoneos*]" = "iPhone Developer";
				INFOPLIST_FILE = JWT_Prototype_ApplicationB/Info.plist;
				LD_RUNPATH_SEARCH_PATHS = "$(inherited) @executable_path/Frameworks";
				PRODUCT_NAME = "$(TARGET_NAME)";
				PROVISIONING_PROFILE = "";
			};
			name = Release;
		};
		5A16A62E1B8CEB9400751BFA /* Debug */ = {
			isa = XCBuildConfiguration;
			buildSettings = {
				BUNDLE_LOADER = "$(TEST_HOST)";
				FRAMEWORK_SEARCH_PATHS = (
					"$(SDKROOT)/Developer/Library/Frameworks",
					"$(inherited)",
				);
				GCC_PREPROCESSOR_DEFINITIONS = (
					"DEBUG=1",
					"$(inherited)",
				);
				INFOPLIST_FILE = JWT_Prototype_ApplicationBTests/Info.plist;
				LD_RUNPATH_SEARCH_PATHS = "$(inherited) @executable_path/Frameworks @loader_path/Frameworks";
				PRODUCT_NAME = "$(TARGET_NAME)";
				TEST_HOST = "$(BUILT_PRODUCTS_DIR)/JWT_Prototype_ApplicationB.app/JWT_Prototype_ApplicationB";
			};
			name = Debug;
		};
		5A16A62F1B8CEB9400751BFA /* Release */ = {
			isa = XCBuildConfiguration;
			buildSettings = {
				BUNDLE_LOADER = "$(TEST_HOST)";
				FRAMEWORK_SEARCH_PATHS = (
					"$(SDKROOT)/Developer/Library/Frameworks",
					"$(inherited)",
				);
				INFOPLIST_FILE = JWT_Prototype_ApplicationBTests/Info.plist;
				LD_RUNPATH_SEARCH_PATHS = "$(inherited) @executable_path/Frameworks @loader_path/Frameworks";
				PRODUCT_NAME = "$(TARGET_NAME)";
				TEST_HOST = "$(BUILT_PRODUCTS_DIR)/JWT_Prototype_ApplicationB.app/JWT_Prototype_ApplicationB";
			};
			name = Release;
		};
/* End XCBuildConfiguration section */

/* Begin XCConfigurationList section */
		5A16A6031B8CEB9400751BFA /* Build configuration list for PBXProject "JWT_Prototype_ApplicationB" */ = {
			isa = XCConfigurationList;
			buildConfigurations = (
				5A16A6281B8CEB9400751BFA /* Debug */,
				5A16A6291B8CEB9400751BFA /* Release */,
			);
			defaultConfigurationIsVisible = 0;
			defaultConfigurationName = Release;
		};
		5A16A62A1B8CEB9400751BFA /* Build configuration list for PBXNativeTarget "JWT_Prototype_ApplicationB" */ = {
			isa = XCConfigurationList;
			buildConfigurations = (
				5A16A62B1B8CEB9400751BFA /* Debug */,
				5A16A62C1B8CEB9400751BFA /* Release */,
			);
			defaultConfigurationIsVisible = 0;
		};
		5A16A62D1B8CEB9400751BFA /* Build configuration list for PBXNativeTarget "JWT_Prototype_ApplicationBTests" */ = {
			isa = XCConfigurationList;
			buildConfigurations = (
				5A16A62E1B8CEB9400751BFA /* Debug */,
				5A16A62F1B8CEB9400751BFA /* Release */,
			);
			defaultConfigurationIsVisible = 0;
		};
/* End XCConfigurationList section */

/* Begin XCVersionGroup section */
		5A16A60F1B8CEB9400751BFA /* JWT_Prototype_ApplicationB.xcdatamodeld */ = {
			isa = XCVersionGroup;
			children = (
				5A16A6101B8CEB9400751BFA /* JWT_Prototype_ApplicationB.xcdatamodel */,
			);
			currentVersion = 5A16A6101B8CEB9400751BFA /* JWT_Prototype_ApplicationB.xcdatamodel */;
			path = JWT_Prototype_ApplicationB.xcdatamodeld;
			sourceTree = "<group>";
			versionGroupType = wrapper.xcdatamodel;
		};
/* End XCVersionGroup section */
	};
	rootObject = 5A16A6001B8CEB9400751BFA /* Project object */;
}
